
Microsoft Visual Studio Solution File, Format Version 12.00
# Visual Studio 15
VisualStudioVersion = 15.0.27428.2037
MinimumVisualStudioVersion = 10.0.40219.1
Project("{FAE04EC0-301F-11D3-BF4B-00C04F79EFBC}") = "WeinerSales", "WeinerSales\WeinerSales.csproj", "{3BC5DB59-720C-42EC-86CF-E65EA7B6FF64}"
EndProject
Global
	GlobalSection(SolutionConfigurationPlatforms) = preSolution
		Debug|Any CPU = Debug|Any CPU
		Release|Any CPU = Release|Any CPU
	EndGlobalSection
	GlobalSection(ProjectConfigurationPlatforms) = postSolution
		{3BC5DB59-720C-42EC-86CF-E65EA7B6FF64}.Debug|Any CPU.ActiveCfg = Debug|Any CPU
		{3BC5DB59-720C-42EC-86CF-E65EA7B6FF64}.Debug|Any CPU.Build.0 = Debug|Any CPU
		{3BC5DB59-720C-42EC-86CF-E65EA7B6FF64}.Release|Any CPU.ActiveCfg = Release|Any CPU
		{3BC5DB59-720C-42EC-86CF-E65EA7B6FF64}.Release|Any CPU.Build.0 = Release|Any CPU
	EndGlobalSection
	GlobalSection(SolutionProperties) = preSolution
		HideSolutionNode = FALSE
	EndGlobalSection
	GlobalSection(ExtensibilityGlobals) = postSolution
		SolutionGuid = {DAC6AF97-0466-4CB6-BC92-B887E2CAC8F7}
	EndGlobalSection
EndGlobal
